
Microsoft Visual Studio Solution File, Format Version 12.00
# Visual Studio Version 16
VisualStudioVersion = 16.0.30204.135
MinimumVisualStudioVersion = 10.0.40219.1
Project("{FAE04EC0-301F-11D3-BF4B-00C04F79EFBC}") = "DevExtremeMvcApp1", "DevExtremeMvcApp1\DevExtremeMvcApp1.csproj", "{4529D4A0-49FE-480E-AB04-7A706AB94793}"
EndProject
Global
	GlobalSection(SolutionConfigurationPlatforms) = preSolution
		Debug|Any CPU = Debug|Any CPU
		Release|Any CPU = Release|Any CPU
	EndGlobalSection
	GlobalSection(ProjectConfigurationPlatforms) = postSolution
		{4529D4A0-49FE-480E-AB04-7A706AB94793}.Debug|Any CPU.ActiveCfg = Debug|Any CPU
		{4529D4A0-49FE-480E-AB04-7A706AB94793}.Debug|Any CPU.Build.0 = Debug|Any CPU
		{4529D4A0-49FE-480E-AB04-7A706AB94793}.Release|Any CPU.ActiveCfg = Release|Any CPU
		{4529D4A0-49FE-480E-AB04-7A706AB94793}.Release|Any CPU.Build.0 = Release|Any CPU
	EndGlobalSection
	GlobalSection(SolutionProperties) = preSolution
		HideSolutionNode = FALSE
	EndGlobalSection
	GlobalSection(ExtensibilityGlobals) = postSolution
		SolutionGuid = {70BC9A7C-71FF-49E3-8342-739891230520}
	EndGlobalSection
EndGlobal
